
Microsoft Visual Studio Solution File, Format Version 12.00
# Visual Studio Version 16
VisualStudioVersion = 16.0.30309.148
MinimumVisualStudioVersion = 10.0.40219.1
Project("{FAE04EC0-301F-11D3-BF4B-00C04F79EFBC}") = "BlogSystem.Models", "BlogSystem.Models\BlogSystem.Models.csproj", "{A7268CAD-A9D8-4BB5-BBC1-F17D9F14CE7D}"
EndProject
Project("{FAE04EC0-301F-11D3-BF4B-00C04F79EFBC}") = "BlogSystem.IDAL", "BlogSystem.IDAL\BlogSystem.IDAL.csproj", "{633D5FAD-338A-42B3-B51B-19D029D9DDF8}"
EndProject
Project("{FAE04EC0-301F-11D3-BF4B-00C04F79EFBC}") = "BlogSystem.DAL", "BlogSystem.DAL\BlogSystem.DAL.csproj", "{4D8AEA80-7650-424D-9A38-44BB78EF77B2}"
EndProject
Project("{FAE04EC0-301F-11D3-BF4B-00C04F79EFBC}") = "BlogSystem.IBLL", "BlogSystem.IBLL\BlogSystem.IBLL.csproj", "{2013B85D-3247-4E8E-B779-4A7FEBA0AA3B}"
EndProject
Project("{FAE04EC0-301F-11D3-BF4B-00C04F79EFBC}") = "BlogSystem.Dto", "BlogSystem.Dto\BlogSystem.Dto.csproj", "{E42235EA-04F0-4038-9D0F-3E807C7738C2}"
EndProject
Project("{FAE04EC0-301F-11D3-BF4B-00C04F79EFBC}") = "BlogSystem.BLL", "BlogSystem.BLL\BlogSystem.BLL.csproj", "{7793ED08-3CB1-4759-8BB4-13D754F5B392}"
EndProject
Project("{FAE04EC0-301F-11D3-BF4B-00C04F79EFBC}") = "BlogSystem.MVCSite", "BlogSystem.MVCSite\BlogSystem.MVCSite.csproj", "{285C0170-A4AF-4690-B194-C04A6BD5AB06}"
EndProject
Global
	GlobalSection(SolutionConfigurationPlatforms) = preSolution
		Debug|Any CPU = Debug|Any CPU
		Release|Any CPU = Release|Any CPU
	EndGlobalSection
	GlobalSection(ProjectConfigurationPlatforms) = postSolution
		{A7268CAD-A9D8-4BB5-BBC1-F17D9F14CE7D}.Debug|Any CPU.ActiveCfg = Debug|Any CPU
		{A7268CAD-A9D8-4BB5-BBC1-F17D9F14CE7D}.Debug|Any CPU.Build.0 = Debug|Any CPU
		{A7268CAD-A9D8-4BB5-BBC1-F17D9F14CE7D}.Release|Any CPU.ActiveCfg = Release|Any CPU
		{A7268CAD-A9D8-4BB5-BBC1-F17D9F14CE7D}.Release|Any CPU.Build.0 = Release|Any CPU
		{633D5FAD-338A-42B3-B51B-19D029D9DDF8}.Debug|Any CPU.ActiveCfg = Debug|Any CPU
		{633D5FAD-338A-42B3-B51B-19D029D9DDF8}.Debug|Any CPU.Build.0 = Debug|Any CPU
		{633D5FAD-338A-42B3-B51B-19D029D9DDF8}.Release|Any CPU.ActiveCfg = Release|Any CPU
		{633D5FAD-338A-42B3-B51B-19D029D9DDF8}.Release|Any CPU.Build.0 = Release|Any CPU
		{4D8AEA80-7650-424D-9A38-44BB78EF77B2}.Debug|Any CPU.ActiveCfg = Debug|Any CPU
		{4D8AEA80-7650-424D-9A38-44BB78EF77B2}.Debug|Any CPU.Build.0 = Debug|Any CPU
		{4D8AEA80-7650-424D-9A38-44BB78EF77B2}.Release|Any CPU.ActiveCfg = Release|Any CPU
		{4D8AEA80-7650-424D-9A38-44BB78EF77B2}.Release|Any CPU.Build.0 = Release|Any CPU
		{2013B85D-3247-4E8E-B779-4A7FEBA0AA3B}.Debug|Any CPU.ActiveCfg = Debug|Any CPU
		{2013B85D-3247-4E8E-B779-4A7FEBA0AA3B}.Debug|Any CPU.Build.0 = Debug|Any CPU
		{2013B85D-3247-4E8E-B779-4A7FEBA0AA3B}.Release|Any CPU.ActiveCfg = Release|Any CPU
		{2013B85D-3247-4E8E-B779-4A7FEBA0AA3B}.Release|Any CPU.Build.0 = Release|Any CPU
		{E42235EA-04F0-4038-9D0F-3E807C7738C2}.Debug|Any CPU.ActiveCfg = Debug|Any CPU
		{E42235EA-04F0-4038-9D0F-3E807C7738C2}.Debug|Any CPU.Build.0 = Debug|Any CPU
		{E42235EA-04F0-4038-9D0F-3E807C7738C2}.Release|Any CPU.ActiveCfg = Release|Any CPU
		{E42235EA-04F0-4038-9D0F-3E807C7738C2}.Release|Any CPU.Build.0 = Release|Any CPU
		{7793ED08-3CB1-4759-8BB4-13D754F5B392}.Debug|Any CPU.ActiveCfg = Debug|Any CPU
		{7793ED08-3CB1-4759-8BB4-13D754F5B392}.Debug|Any CPU.Build.0 = Debug|Any CPU
		{7793ED08-3CB1-4759-8BB4-13D754F5B392}.Release|Any CPU.ActiveCfg = Release|Any CPU
		{7793ED08-3CB1-4759-8BB4-13D754F5B392}.Release|Any CPU.Build.0 = Release|Any CPU
		{285C0170-A4AF-4690-B194-C04A6BD5AB06}.Debug|Any CPU.ActiveCfg = Debug|Any CPU
		{285C0170-A4AF-4690-B194-C04A6BD5AB06}.Debug|Any CPU.Build.0 = Debug|Any CPU
		{285C0170-A4AF-4690-B194-C04A6BD5AB06}.Release|Any CPU.ActiveCfg = Release|Any CPU
		{285C0170-A4AF-4690-B194-C04A6BD5AB06}.Release|Any CPU.Build.0 = Release|Any CPU
	EndGlobalSection
	GlobalSection(SolutionProperties) = preSolution
		HideSolutionNode = FALSE
	EndGlobalSection
	GlobalSection(ExtensibilityGlobals) = postSolution
		SolutionGuid = {1CBDA728-767B-41F9-82BD-E21812AAC518}
	EndGlobalSection
EndGlobal
